
Microsoft Visual Studio Solution File, Format Version 12.00
# Visual Studio Version 16
VisualStudioVersion = 16.0.31112.23
MinimumVisualStudioVersion = 10.0.40219.1
Project("{FAE04EC0-301F-11D3-BF4B-00C04F79EFBC}") = "MiCalculadora", "MiCalculadora\MiCalculadora.csproj", "{028539BD-338F-4768-BC2B-CD07176FBD5C}"
EndProject
Project("{FAE04EC0-301F-11D3-BF4B-00C04F79EFBC}") = "Entidades", "Entidades\Entidades.csproj", "{D07E1A71-D94D-4679-81D3-391D6556F0A5}"
EndProject
Global
	GlobalSection(SolutionConfigurationPlatforms) = preSolution
		Debug|Any CPU = Debug|Any CPU
		Release|Any CPU = Release|Any CPU
	EndGlobalSection
	GlobalSection(ProjectConfigurationPlatforms) = postSolution
		{028539BD-338F-4768-BC2B-CD07176FBD5C}.Debug|Any CPU.ActiveCfg = Debug|Any CPU
		{028539BD-338F-4768-BC2B-CD07176FBD5C}.Debug|Any CPU.Build.0 = Debug|Any CPU
		{028539BD-338F-4768-BC2B-CD07176FBD5C}.Release|Any CPU.ActiveCfg = Release|Any CPU
		{028539BD-338F-4768-BC2B-CD07176FBD5C}.Release|Any CPU.Build.0 = Release|Any CPU
		{D07E1A71-D94D-4679-81D3-391D6556F0A5}.Debug|Any CPU.ActiveCfg = Debug|Any CPU
		{D07E1A71-D94D-4679-81D3-391D6556F0A5}.Debug|Any CPU.Build.0 = Debug|Any CPU
		{D07E1A71-D94D-4679-81D3-391D6556F0A5}.Release|Any CPU.ActiveCfg = Release|Any CPU
		{D07E1A71-D94D-4679-81D3-391D6556F0A5}.Release|Any CPU.Build.0 = Release|Any CPU
	EndGlobalSection
	GlobalSection(SolutionProperties) = preSolution
		HideSolutionNode = FALSE
	EndGlobalSection
	GlobalSection(ExtensibilityGlobals) = postSolution
		SolutionGuid = {0C9EDBD2-2F4F-4B7A-874A-6E0ABF831330}
	EndGlobalSection
EndGlobal
